
Microsoft Visual Studio Solution File, Format Version 12.00
# Visual Studio Version 17
VisualStudioVersion = 17.3.32819.101
MinimumVisualStudioVersion = 10.0.40219.1
Project("{FAE04EC0-301F-11D3-BF4B-00C04F79EFBC}") = "BroadwayReview.Domain", "BroadwayReview.Domain\BroadwayReview.Domain.csproj", "{F1EB5B5B-8314-452D-9D11-F85BF998AB75}"
EndProject
Project("{FAE04EC0-301F-11D3-BF4B-00C04F79EFBC}") = "BroadwayReview.DataAccess", "BroadwayReview.DataAccess\BroadwayReview.DataAccess.csproj", "{AF38550B-A2B6-4511-BC86-FB355464E71F}"
EndProject
Project("{FAE04EC0-301F-11D3-BF4B-00C04F79EFBC}") = "BroadwayReview.Application", "BroadwayReview.Application\BroadwayReview.Application.csproj", "{39CD17B2-EA6F-4321-AFE4-B2E8321EEE44}"
EndProject
Project("{FAE04EC0-301F-11D3-BF4B-00C04F79EFBC}") = "BroadwayReview.Implementations", "BroadwayReview.Implementations\BroadwayReview.Implementations.csproj", "{A72352C2-B896-4FDB-B637-3F9A90334B34}"
EndProject
Project("{FAE04EC0-301F-11D3-BF4B-00C04F79EFBC}") = "BroadwayReview.Api", "BroadwayReview.Api\BroadwayReview.Api.csproj", "{DB5A571C-BD28-4565-AC90-1D1E1500F1F6}"
EndProject
Global
	GlobalSection(SolutionConfigurationPlatforms) = preSolution
		Debug|Any CPU = Debug|Any CPU
		Release|Any CPU = Release|Any CPU
	EndGlobalSection
	GlobalSection(ProjectConfigurationPlatforms) = postSolution
		{F1EB5B5B-8314-452D-9D11-F85BF998AB75}.Debug|Any CPU.ActiveCfg = Debug|Any CPU
		{F1EB5B5B-8314-452D-9D11-F85BF998AB75}.Debug|Any CPU.Build.0 = Debug|Any CPU
		{F1EB5B5B-8314-452D-9D11-F85BF998AB75}.Release|Any CPU.ActiveCfg = Release|Any CPU
		{F1EB5B5B-8314-452D-9D11-F85BF998AB75}.Release|Any CPU.Build.0 = Release|Any CPU
		{AF38550B-A2B6-4511-BC86-FB355464E71F}.Debug|Any CPU.ActiveCfg = Debug|Any CPU
		{AF38550B-A2B6-4511-BC86-FB355464E71F}.Debug|Any CPU.Build.0 = Debug|Any CPU
		{AF38550B-A2B6-4511-BC86-FB355464E71F}.Release|Any CPU.ActiveCfg = Release|Any CPU
		{AF38550B-A2B6-4511-BC86-FB355464E71F}.Release|Any CPU.Build.0 = Release|Any CPU
		{39CD17B2-EA6F-4321-AFE4-B2E8321EEE44}.Debug|Any CPU.ActiveCfg = Debug|Any CPU
		{39CD17B2-EA6F-4321-AFE4-B2E8321EEE44}.Debug|Any CPU.Build.0 = Debug|Any CPU
		{39CD17B2-EA6F-4321-AFE4-B2E8321EEE44}.Release|Any CPU.ActiveCfg = Release|Any CPU
		{39CD17B2-EA6F-4321-AFE4-B2E8321EEE44}.Release|Any CPU.Build.0 = Release|Any CPU
		{A72352C2-B896-4FDB-B637-3F9A90334B34}.Debug|Any CPU.ActiveCfg = Debug|Any CPU
		{A72352C2-B896-4FDB-B637-3F9A90334B34}.Debug|Any CPU.Build.0 = Debug|Any CPU
		{A72352C2-B896-4FDB-B637-3F9A90334B34}.Release|Any CPU.ActiveCfg = Release|Any CPU
		{A72352C2-B896-4FDB-B637-3F9A90334B34}.Release|Any CPU.Build.0 = Release|Any CPU
		{DB5A571C-BD28-4565-AC90-1D1E1500F1F6}.Debug|Any CPU.ActiveCfg = Debug|Any CPU
		{DB5A571C-BD28-4565-AC90-1D1E1500F1F6}.Debug|Any CPU.Build.0 = Debug|Any CPU
		{DB5A571C-BD28-4565-AC90-1D1E1500F1F6}.Release|Any CPU.ActiveCfg = Release|Any CPU
		{DB5A571C-BD28-4565-AC90-1D1E1500F1F6}.Release|Any CPU.Build.0 = Release|Any CPU
	EndGlobalSection
	GlobalSection(SolutionProperties) = preSolution
		HideSolutionNode = FALSE
	EndGlobalSection
	GlobalSection(ExtensibilityGlobals) = postSolution
		SolutionGuid = {1BE79765-7686-49D2-9DB5-8ED822DF9CF7}
	EndGlobalSection
EndGlobal
